// !$*UTF8*$!
{
	archiveVersion = 1;
	classes = {
	};
	objectVersion = 48;
	objects = {

/* Begin PBXBuildFile section */
		36FF8E832046759C00569ED1 /* AppDelegate.m in Sources */ = {isa = PBXBuildFile; fileRef = 36FF8E822046759C00569ED1 /* AppDelegate.m */; };
		36FF8E862046759C00569ED1 /* ViewController.m in Sources */ = {isa = PBXBuildFile; fileRef = 36FF8E852046759C00569ED1 /* ViewController.m */; };
		36FF8E892046759C00569ED1 /* Main.storyboard in Resources */ = {isa = PBXBuildFile; fileRef = 36FF8E872046759C00569ED1 /* Main.storyboard */; };
		36FF8E8B2046759C00569ED1 /* Assets.xcassets in Resources */ = {isa = PBXBuildFile; fileRef = 36FF8E8A2046759C00569ED1 /* Assets.xcassets */; };
		36FF8E8E2046759C00569ED1 /* LaunchScreen.storyboard in Resources */ = {isa = PBXBuildFile; fileRef = 36FF8E8C2046759C00569ED1 /* LaunchScreen.storyboard */; };
		36FF8E912046759C00569ED1 /* main.m in Sources */ = {isa = PBXBuildFile; fileRef = 36FF8E902046759C00569ED1 /* main.m */; };
		36FF8EA7204676A400569ED1 /* icon_placeholder_image.png in Resources */ = {isa = PBXBuildFile; fileRef = 36FF8E99204676A400569ED1 /* icon_placeholder_image.png */; };
		36FF8EA8204676A400569ED1 /* YWLogisticCell.m in Sources */ = {isa = PBXBuildFile; fileRef = 36FF8E9C204676A400569ED1 /* YWLogisticCell.m */; };
		36FF8EA9204676A400569ED1 /* YWLogisticCellModel.m in Sources */ = {isa = PBXBuildFile; fileRef = 36FF8E9E204676A400569ED1 /* YWLogisticCellModel.m */; };
		36FF8EAA204676A400569ED1 /* YWLogisticModel.m in Sources */ = {isa = PBXBuildFile; fileRef = 36FF8EA0204676A400569ED1 /* YWLogisticModel.m */; };
		36FF8EAB204676A400569ED1 /* YWLogisticsView.m in Sources */ = {isa = PBXBuildFile; fileRef = 36FF8EA2204676A400569ED1 /* YWLogisticsView.m */; };
		36FF8EAC204676A400569ED1 /* YWTableCellContentView.m in Sources */ = {isa = PBXBuildFile; fileRef = 36FF8EA4204676A400569ED1 /* YWTableCellContentView.m */; };
		36FF8EAD204676A400569ED1 /* YWTableHeaderView.m in Sources */ = {isa = PBXBuildFile; fileRef = 36FF8EA6204676A400569ED1 /* YWTableHeaderView.m */; };
		36FF8EB02046780700569ED1 /* LogisticsQueryViewController.m in Sources */ = {isa = PBXBuildFile; fileRef = 36FF8EAE2046780700569ED1 /* LogisticsQueryViewController.m */; };
		C19B07B9EA1900126FA7CF78 /* libPods-YWLogisticsQueryDemo.a in Frameworks */ = {isa = PBXBuildFile; fileRef = B65C3804CFFAA05930E9990F /* libPods-YWLogisticsQueryDemo.a */; };
/* End PBXBuildFile section */

/* Begin PBXFileReference section */
		07AB04EF05BB722F70BAFC7C /* Pods-YWLogisticsQueryDemo.debug.xcconfig */ = {isa = PBXFileReference; includeInIndex = 1; lastKnownFileType = text.xcconfig; name = "Pods-YWLogisticsQueryDemo.debug.xcconfig"; path = "Pods/Target Support Files/Pods-YWLogisticsQueryDemo/Pods-YWLogisticsQueryDemo.debug.xcconfig"; sourceTree = "<group>"; };
		36FF8E7E2046759C00569ED1 /* YWLogisticsQueryDemo.app */ = {isa = PBXFileReference; explicitFileType = wrapper.application; includeInIndex = 0; path = YWLogisticsQueryDemo.app; sourceTree = BUILT_PRODUCTS_DIR; };
		36FF8E812046759C00569ED1 /* AppDelegate.h */ = {isa = PBXFileReference; lastKnownFileType = sourcecode.c.h; path = AppDelegate.h; sourceTree = "<group>"; };
		36FF8E822046759C00569ED1 /* AppDelegate.m */ = {isa = PBXFileReference; lastKnownFileType = sourcecode.c.objc; path = AppDelegate.m; sourceTree = "<group>"; };
		36FF8E842046759C00569ED1 /* ViewController.h */ = {isa = PBXFileReference; lastKnownFileType = sourcecode.c.h; path = ViewController.h; sourceTree = "<group>"; };
		36FF8E852046759C00569ED1 /* ViewController.m */ = {isa = PBXFileReference; lastKnownFileType = sourcecode.c.objc; path = ViewController.m; sourceTree = "<group>"; };
		36FF8E882046759C00569ED1 /* Base */ = {isa = PBXFileReference; lastKnownFileType = file.storyboard; name = Base; path = Base.lproj/Main.storyboard; sourceTree = "<group>"; };
		36FF8E8A2046759C00569ED1 /* Assets.xcassets */ = {isa = PBXFileReference; lastKnownFileType = folder.assetcatalog; path = Assets.xcassets; sourceTree = "<group>"; };
		36FF8E8D2046759C00569ED1 /* Base */ = {isa = PBXFileReference; lastKnownFileType = file.storyboard; name = Base; path = Base.lproj/LaunchScreen.storyboard; sourceTree = "<group>"; };
		36FF8E8F2046759C00569ED1 /* Info.plist */ = {isa = PBXFileReference; lastKnownFileType = text.plist.xml; path = Info.plist; sourceTree = "<group>"; };
		36FF8E902046759C00569ED1 /* main.m */ = {isa = PBXFileReference; lastKnownFileType = sourcecode.c.objc; path = main.m; sourceTree = "<group>"; };
		36FF8E99204676A400569ED1 /* icon_placeholder_image.png */ = {isa = PBXFileReference; lastKnownFileType = image.png; path = icon_placeholder_image.png; sourceTree = "<group>"; };
		36FF8E9A204676A400569ED1 /* YWConfigFile.h */ = {isa = PBXFileReference; fileEncoding = 4; lastKnownFileType = sourcecode.c.h; path = YWConfigFile.h; sourceTree = "<group>"; };
		36FF8E9B204676A400569ED1 /* YWLogisticCell.h */ = {isa = PBXFileReference; fileEncoding = 4; lastKnownFileType = sourcecode.c.h; path = YWLogisticCell.h; sourceTree = "<group>"; };
		36FF8E9C204676A400569ED1 /* YWLogisticCell.m */ = {isa = PBXFileReference; fileEncoding = 4; lastKnownFileType = sourcecode.c.objc; path = YWLogisticCell.m; sourceTree = "<group>"; };
		36FF8E9D204676A400569ED1 /* YWLogisticCellModel.h */ = {isa = PBXFileReference; fileEncoding = 4; lastKnownFileType = sourcecode.c.h; path = YWLogisticCellModel.h; sourceTree = "<group>"; };
		36FF8E9E204676A400569ED1 /* YWLogisticCellModel.m */ = {isa = PBXFileReference; fileEncoding = 4; lastKnownFileType = sourcecode.c.objc; path = YWLogisticCellModel.m; sourceTree = "<group>"; };
		36FF8E9F204676A400569ED1 /* YWLogisticModel.h */ = {isa = PBXFileReference; fileEncoding = 4; lastKnownFileType = sourcecode.c.h; path = YWLogisticModel.h; sourceTree = "<group>"; };
		36FF8EA0204676A400569ED1 /* YWLogisticModel.m */ = {isa = PBXFileReference; fileEncoding = 4; lastKnownFileType = sourcecode.c.objc; path = YWLogisticModel.m; sourceTree = "<group>"; };
		36FF8EA1204676A400569ED1 /* YWLogisticsView.h */ = {isa = PBXFileReference; fileEncoding = 4; lastKnownFileType = sourcecode.c.h; path = YWLogisticsView.h; sourceTree = "<group>"; };
		36FF8EA2204676A400569ED1 /* YWLogisticsView.m */ = {isa = PBXFileReference; fileEncoding = 4; lastKnownFileType = sourcecode.c.objc; path = YWLogisticsView.m; sourceTree = "<group>"; };
		36FF8EA3204676A400569ED1 /* YWTableCellContentView.h */ = {isa = PBXFileReference; fileEncoding = 4; lastKnownFileType = sourcecode.c.h; path = YWTableCellContentView.h; sourceTree = "<group>"; };
		36FF8EA4204676A400569ED1 /* YWTableCellContentView.m */ = {isa = PBXFileReference; fileEncoding = 4; lastKnownFileType = sourcecode.c.objc; path = YWTableCellContentView.m; sourceTree = "<group>"; };
		36FF8EA5204676A400569ED1 /* YWTableHeaderView.h */ = {isa = PBXFileReference; fileEncoding = 4; lastKnownFileType = sourcecode.c.h; path = YWTableHeaderView.h; sourceTree = "<group>"; };
		36FF8EA6204676A400569ED1 /* YWTableHeaderView.m */ = {isa = PBXFileReference; fileEncoding = 4; lastKnownFileType = sourcecode.c.objc; path = YWTableHeaderView.m; sourceTree = "<group>"; };
		36FF8EAE2046780700569ED1 /* LogisticsQueryViewController.m */ = {isa = PBXFileReference; fileEncoding = 4; lastKnownFileType = sourcecode.c.objc; path = LogisticsQueryViewController.m; sourceTree = "<group>"; };
		36FF8EAF2046780700569ED1 /* LogisticsQueryViewController.h */ = {isa = PBXFileReference; fileEncoding = 4; lastKnownFileType = sourcecode.c.h; path = LogisticsQueryViewController.h; sourceTree = "<group>"; };
		814FFF310846E0B1AF73C358 /* Pods-YWLogisticsQueryDemo.release.xcconfig */ = {isa = PBXFileReference; includeInIndex = 1; lastKnownFileType = text.xcconfig; name = "Pods-YWLogisticsQueryDemo.release.xcconfig"; path = "Pods/Target Support Files/Pods-YWLogisticsQueryDemo/Pods-YWLogisticsQueryDemo.release.xcconfig"; sourceTree = "<group>"; };
		B65C3804CFFAA05930E9990F /* libPods-YWLogisticsQueryDemo.a */ = {isa = PBXFileReference; explicitFileType = archive.ar; includeInIndex = 0; path = "libPods-YWLogisticsQueryDemo.a"; sourceTree = BUILT_PRODUCTS_DIR; };
/* End PBXFileReference section */

/* Begin PBXFrameworksBuildPhase section */
		36FF8E7B2046759C00569ED1 /* Frameworks */ = {
			isa = PBXFrameworksBuildPhase;
			buildActionMask = 2147483647;
			files = (
				C19B07B9EA1900126FA7CF78 /* libPods-YWLogisticsQueryDemo.a in Frameworks */,
			);
			runOnlyForDeploymentPostprocessing = 0;
		};
/* End PBXFrameworksBuildPhase section */

/* Begin PBXGroup section */
		36FF8E752046759C00569ED1 = {
			isa = PBXGroup;
			children = (
				36FF8E97204676A400569ED1 /* YWLogisticsQuery */,
				36FF8E802046759C00569ED1 /* YWLogisticsQueryDemo */,
				36FF8E7F2046759C00569ED1 /* Products */,
				49A22C2F389AAB6069494B2C /* Pods */,
				8E8DD8E0DA658C61E54D81DC /* Frameworks */,
			);
			sourceTree = "<group>";
		};
		36FF8E7F2046759C00569ED1 /* Products */ = {
			isa = PBXGroup;
			children = (
				36FF8E7E2046759C00569ED1 /* YWLogisticsQueryDemo.app */,
			);
			name = Products;
			sourceTree = "<group>";
		};
		36FF8E802046759C00569ED1 /* YWLogisticsQueryDemo */ = {
			isa = PBXGroup;
			children = (
				36FF8EAF2046780700569ED1 /* LogisticsQueryViewController.h */,
				36FF8EAE2046780700569ED1 /* LogisticsQueryViewController.m */,
				36FF8E812046759C00569ED1 /* AppDelegate.h */,
				36FF8E822046759C00569ED1 /* AppDelegate.m */,
				36FF8E842046759C00569ED1 /* ViewController.h */,
				36FF8E852046759C00569ED1 /* ViewController.m */,
				36FF8E872046759C00569ED1 /* Main.storyboard */,
				36FF8E8A2046759C00569ED1 /* Assets.xcassets */,
				36FF8E8C2046759C00569ED1 /* LaunchScreen.storyboard */,
				36FF8E8F2046759C00569ED1 /* Info.plist */,
				36FF8E902046759C00569ED1 /* main.m */,
			);
			path = YWLogisticsQueryDemo;
			sourceTree = "<group>";
		};
		36FF8E97204676A400569ED1 /* YWLogisticsQuery */ = {
			isa = PBXGroup;
			children = (
				36FF8E98204676A400569ED1 /* Resources */,
				36FF8E9A204676A400569ED1 /* YWConfigFile.h */,
				36FF8E9B204676A400569ED1 /* YWLogisticCell.h */,
				36FF8E9C204676A400569ED1 /* YWLogisticCell.m */,
				36FF8E9D204676A400569ED1 /* YWLogisticCellModel.h */,
				36FF8E9E204676A400569ED1 /* YWLogisticCellModel.m */,
				36FF8E9F204676A400569ED1 /* YWLogisticModel.h */,
				36FF8EA0204676A400569ED1 /* YWLogisticModel.m */,
				36FF8EA1204676A400569ED1 /* YWLogisticsView.h */,
				36FF8EA2204676A400569ED1 /* YWLogisticsView.m */,
				36FF8EA3204676A400569ED1 /* YWTableCellContentView.h */,
				36FF8EA4204676A400569ED1 /* YWTableCellContentView.m */,
				36FF8EA5204676A400569ED1 /* YWTableHeaderView.h */,
				36FF8EA6204676A400569ED1 /* YWTableHeaderView.m */,
			);
			path = YWLogisticsQuery;
			sourceTree = "<group>";
		};
		36FF8E98204676A400569ED1 /* Resources */ = {
			isa = PBXGroup;
			children = (
				36FF8E99204676A400569ED1 /* icon_placeholder_image.png */,
			);
			path = Resources;
			sourceTree = "<group>";
		};
		49A22C2F389AAB6069494B2C /* Pods */ = {
			isa = PBXGroup;
			children = (
				07AB04EF05BB722F70BAFC7C /* Pods-YWLogisticsQueryDemo.debug.xcconfig */,
				814FFF310846E0B1AF73C358 /* Pods-YWLogisticsQueryDemo.release.xcconfig */,
			);
			name = Pods;
			sourceTree = "<group>";
		};
		8E8DD8E0DA658C61E54D81DC /* Frameworks */ = {
			isa = PBXGroup;
			children = (
				B65C3804CFFAA05930E9990F /* libPods-YWLogisticsQueryDemo.a */,
			);
			name = Frameworks;
			sourceTree = "<group>";
		};
/* End PBXGroup section */

/* Begin PBXNativeTarget section */
		36FF8E7D2046759C00569ED1 /* YWLogisticsQueryDemo */ = {
			isa = PBXNativeTarget;
			buildConfigurationList = 36FF8E942046759C00569ED1 /* Build configuration list for PBXNativeTarget "YWLogisticsQueryDemo" */;
			buildPhases = (
				7FC1D9966FCD47BEB2C6A6F5 /* [CP] Check Pods Manifest.lock */,
				36FF8E7A2046759C00569ED1 /* Sources */,
				36FF8E7B2046759C00569ED1 /* Frameworks */,
				36FF8E7C2046759C00569ED1 /* Resources */,
				2F26B7C7E33E8C032EF3D688 /* [CP] Embed Pods Frameworks */,
				2DCEBB3013340D3EDEF3B6AA /* [CP] Copy Pods Resources */,
			);
			buildRules = (
			);
			dependencies = (
			);
			name = YWLogisticsQueryDemo;
			productName = YWLogisticsQueryDemo;
			productReference = 36FF8E7E2046759C00569ED1 /* YWLogisticsQueryDemo.app */;
			productType = "com.apple.product-type.application";
		};
/* End PBXNativeTarget section */

/* Begin PBXProject section */
		36FF8E762046759C00569ED1 /* Project object */ = {
			isa = PBXProject;
			attributes = {
				LastUpgradeCheck = 0920;
				ORGANIZATIONNAME = com.scsskc;
				TargetAttributes = {
					36FF8E7D2046759C00569ED1 = {
						CreatedOnToolsVersion = 9.2;
						ProvisioningStyle = Automatic;
					};
				};
			};
			buildConfigurationList = 36FF8E792046759C00569ED1 /* Build configuration list for PBXProject "YWLogisticsQueryDemo" */;
			compatibilityVersion = "Xcode 8.0";
			developmentRegion = en;
			hasScannedForEncodings = 0;
			knownRegions = (
				en,
				Base,
			);
			mainGroup = 36FF8E752046759C00569ED1;
			productRefGroup = 36FF8E7F2046759C00569ED1 /* Products */;
			projectDirPath = "";
			projectRoot = "";
			targets = (
				36FF8E7D2046759C00569ED1 /* YWLogisticsQueryDemo */,
			);
		};
/* End PBXProject section */

/* Begin PBXResourcesBuildPhase section */
		36FF8E7C2046759C00569ED1 /* Resources */ = {
			isa = PBXResourcesBuildPhase;
			buildActionMask = 2147483647;
			files = (
				36FF8E8E2046759C00569ED1 /* LaunchScreen.storyboard in Resources */,
				36FF8E8B2046759C00569ED1 /* Assets.xcassets in Resources */,
				36FF8EA7204676A400569ED1 /* icon_placeholder_image.png in Resources */,
				36FF8E892046759C00569ED1 /* Main.storyboard in Resources */,
			);
			runOnlyForDeploymentPostprocessing = 0;
		};
/* End PBXResourcesBuildPhase section */

/* Begin PBXShellScriptBuildPhase section */
		2DCEBB3013340D3EDEF3B6AA /* [CP] Copy Pods Resources */ = {
			isa = PBXShellScriptBuildPhase;
			buildActionMask = 2147483647;
			files = (
			);
			inputPaths = (
			);
			name = "[CP] Copy Pods Resources";
			outputPaths = (
			);
			runOnlyForDeploymentPostprocessing = 0;
			shellPath = /bin/sh;
			shellScript = "\"${SRCROOT}/Pods/Target Support Files/Pods-YWLogisticsQueryDemo/Pods-YWLogisticsQueryDemo-resources.sh\"\n";
			showEnvVarsInLog = 0;
		};
		2F26B7C7E33E8C032EF3D688 /* [CP] Embed Pods Frameworks */ = {
			isa = PBXShellScriptBuildPhase;
			buildActionMask = 2147483647;
			files = (
			);
			inputPaths = (
			);
			name = "[CP] Embed Pods Frameworks";
			outputPaths = (
			);
			runOnlyForDeploymentPostprocessing = 0;
			shellPath = /bin/sh;
			shellScript = "\"${SRCROOT}/Pods/Target Support Files/Pods-YWLogisticsQueryDemo/Pods-YWLogisticsQueryDemo-frameworks.sh\"\n";
			showEnvVarsInLog = 0;
		};
		7FC1D9966FCD47BEB2C6A6F5 /* [CP] Check Pods Manifest.lock */ = {
			isa = PBXShellScriptBuildPhase;
			buildActionMask = 2147483647;
			files = (
			);
			inputPaths = (
				"${PODS_PODFILE_DIR_PATH}/Podfile.lock",
				"${PODS_ROOT}/Manifest.lock",
			);
			name = "[CP] Check Pods Manifest.lock";
			outputPaths = (
				"$(DERIVED_FILE_DIR)/Pods-YWLogisticsQueryDemo-checkManifestLockResult.txt",
			);
			runOnlyForDeploymentPostprocessing = 0;
			shellPath = /bin/sh;
			shellScript = "diff \"${PODS_PODFILE_DIR_PATH}/Podfile.lock\" \"${PODS_ROOT}/Manifest.lock\" > /dev/null\nif [ $? != 0 ] ; then\n    # print error to STDERR\n    echo \"error: The sandbox is not in sync with the Podfile.lock. Run 'pod install' or update your CocoaPods installation.\" >&2\n    exit 1\nfi\n# This output is used by Xcode 'outputs' to avoid re-running this script phase.\necho \"SUCCESS\" > \"${SCRIPT_OUTPUT_FILE_0}\"\n";
			showEnvVarsInLog = 0;
		};
/* End PBXShellScriptBuildPhase section */

/* Begin PBXSourcesBuildPhase section */
		36FF8E7A2046759C00569ED1 /* Sources */ = {
			isa = PBXSourcesBuildPhase;
			buildActionMask = 2147483647;
			files = (
				36FF8EAB204676A400569ED1 /* YWLogisticsView.m in Sources */,
				36FF8EAC204676A400569ED1 /* YWTableCellContentView.m in Sources */,
				36FF8E862046759C00569ED1 /* ViewController.m in Sources */,
				36FF8EA8204676A400569ED1 /* YWLogisticCell.m in Sources */,
				36FF8E912046759C00569ED1 /* main.m in Sources */,
				36FF8EAD204676A400569ED1 /* YWTableHeaderView.m in Sources */,
				36FF8EAA204676A400569ED1 /* YWLogisticModel.m in Sources */,
				36FF8EB02046780700569ED1 /* LogisticsQueryViewController.m in Sources */,
				36FF8EA9204676A400569ED1 /* YWLogisticCellModel.m in Sources */,
				36FF8E832046759C00569ED1 /* AppDelegate.m in Sources */,
			);
			runOnlyForDeploymentPostprocessing = 0;
		};
/* End PBXSourcesBuildPhase section */

/* Begin PBXVariantGroup section */
		36FF8E872046759C00569ED1 /* Main.storyboard */ = {
			isa = PBXVariantGroup;
			children = (
				36FF8E882046759C00569ED1 /* Base */,
			);
			name = Main.storyboard;
			sourceTree = "<group>";
		};
		36FF8E8C2046759C00569ED1 /* LaunchScreen.storyboard */ = {
			isa = PBXVariantGroup;
			children = (
				36FF8E8D2046759C00569ED1 /* Base */,
			);
			name = LaunchScreen.storyboard;
			sourceTree = "<group>";
		};
/* End PBXVariantGroup section */

/* Begin XCBuildConfiguration section */
		36FF8E922046759C00569ED1 /* Debug */ = {
			isa = XCBuildConfiguration;
			buildSettings = {
				ALWAYS_SEARCH_USER_PATHS = NO;
				CLANG_ANALYZER_NONNULL = YES;
				CLANG_ANALYZER_NUMBER_OBJECT_CONVERSION = YES_AGGRESSIVE;
				CLANG_CXX_LANGUAGE_STANDARD = "gnu++14";
				CLANG_CXX_LIBRARY = "libc++";
				CLANG_ENABLE_MODULES = YES;
				CLANG_ENABLE_OBJC_ARC = YES;
				CLANG_WARN_BLOCK_CAPTURE_AUTORELEASING = YES;
				CLANG_WARN_BOOL_CONVERSION = YES;
				CLANG_WARN_COMMA = YES;
				CLANG_WARN_CONSTANT_CONVERSION = YES;
				CLANG_WARN_DIRECT_OBJC_ISA_USAGE = YES_ERROR;
				CLANG_WARN_DOCUMENTATION_COMMENTS = YES;
				CLANG_WARN_EMPTY_BODY = YES;
				CLANG_WARN_ENUM_CONVERSION = YES;
				CLANG_WARN_INFINITE_RECURSION = YES;
				CLANG_WARN_INT_CONVERSION = YES;
				CLANG_WARN_NON_LITERAL_NULL_CONVERSION = YES;
				CLANG_WARN_OBJC_LITERAL_CONVERSION = YES;
				CLANG_WARN_OBJC_ROOT_CLASS = YES_ERROR;
				CLANG_WARN_RANGE_LOOP_ANALYSIS = YES;
				CLANG_WARN_STRICT_PROTOTYPES = YES;
				CLANG_WARN_SUSPICIOUS_MOVE = YES;
				CLANG_WARN_UNGUARDED_AVAILABILITY = YES_AGGRESSIVE;
				CLANG_WARN_UNREACHABLE_CODE = YES;
				CLANG_WARN__DUPLICATE_METHOD_MATCH = YES;
				CODE_SIGN_IDENTITY = "iPhone Developer";
				COPY_PHASE_STRIP = NO;
				DEBUG_INFORMATION_FORMAT = dwarf;
				ENABLE_STRICT_OBJC_MSGSEND = YES;
				ENABLE_TESTABILITY = YES;
				GCC_C_LANGUAGE_STANDARD = gnu11;
				GCC_DYNAMIC_NO_PIC = NO;
				GCC_NO_COMMON_BLOCKS = YES;
				GCC_OPTIMIZATION_LEVEL = 0;
				GCC_PREPROCESSOR_DEFINITIONS = (
					"DEBUG=1",
					"$(inherited)",
				);
				GCC_WARN_64_TO_32_BIT_CONVERSION = YES;
				GCC_WARN_ABOUT_RETURN_TYPE = YES_ERROR;
				GCC_WARN_UNDECLARED_SELECTOR = YES;
				GCC_WARN_UNINITIALIZED_AUTOS = YES_AGGRESSIVE;
				GCC_WARN_UNUSED_FUNCTION = YES;
				GCC_WARN_UNUSED_VARIABLE = YES;
				IPHONEOS_DEPLOYMENT_TARGET = 11.2;
				MTL_ENABLE_DEBUG_INFO = YES;
				ONLY_ACTIVE_ARCH = YES;
				SDKROOT = iphoneos;
			};
			name = Debug;
		};
		36FF8E932046759C00569ED1 /* Release */ = {
			isa = XCBuildConfiguration;
			buildSettings = {
				ALWAYS_SEARCH_USER_PATHS = NO;
				CLANG_ANALYZER_NONNULL = YES;
				CLANG_ANALYZER_NUMBER_OBJECT_CONVERSION = YES_AGGRESSIVE;
				CLANG_CXX_LANGUAGE_STANDARD = "gnu++14";
				CLANG_CXX_LIBRARY = "libc++";
				CLANG_ENABLE_MODULES = YES;
				CLANG_ENABLE_OBJC_ARC = YES;
				CLANG_WARN_BLOCK_CAPTURE_AUTORELEASING = YES;
				CLANG_WARN_BOOL_CONVERSION = YES;
				CLANG_WARN_COMMA = YES;
				CLANG_WARN_CONSTANT_CONVERSION = YES;
				CLANG_WARN_DIRECT_OBJC_ISA_USAGE = YES_ERROR;
				CLANG_WARN_DOCUMENTATION_COMMENTS = YES;
				CLANG_WARN_EMPTY_BODY = YES;
				CLANG_WARN_ENUM_CONVERSION = YES;
				CLANG_WARN_INFINITE_RECURSION = YES;
				CLANG_WARN_INT_CONVERSION = YES;
				CLANG_WARN_NON_LITERAL_NULL_CONVERSION = YES;
				CLANG_WARN_OBJC_LITERAL_CONVERSION = YES;
				CLANG_WARN_OBJC_ROOT_CLASS = YES_ERROR;
				CLANG_WARN_RANGE_LOOP_ANALYSIS = YES;
				CLANG_WARN_STRICT_PROTOTYPES = YES;
				CLANG_WARN_SUSPICIOUS_MOVE = YES;
				CLANG_WARN_UNGUARDED_AVAILABILITY = YES_AGGRESSIVE;
				CLANG_WARN_UNREACHABLE_CODE = YES;
				CLANG_WARN__DUPLICATE_METHOD_MATCH = YES;
				CODE_SIGN_IDENTITY = "iPhone Developer";
				COPY_PHASE_STRIP = NO;
				DEBUG_INFORMATION_FORMAT = "dwarf-with-dsym";
				ENABLE_NS_ASSERTIONS = NO;
				ENABLE_STRICT_OBJC_MSGSEND = YES;
				GCC_C_LANGUAGE_STANDARD = gnu11;
				GCC_NO_COMMON_BLOCKS = YES;
				GCC_WARN_64_TO_32_BIT_CONVERSION = YES;
				GCC_WARN_ABOUT_RETURN_TYPE = YES_ERROR;
				GCC_WARN_UNDECLARED_SELECTOR = YES;
				GCC_WARN_UNINITIALIZED_AUTOS = YES_AGGRESSIVE;
				GCC_WARN_UNUSED_FUNCTION = YES;
				GCC_WARN_UNUSED_VARIABLE = YES;
				IPHONEOS_DEPLOYMENT_TARGET = 11.2;
				MTL_ENABLE_DEBUG_INFO = NO;
				SDKROOT = iphoneos;
				VALIDATE_PRODUCT = YES;
			};
			name = Release;
		};
		36FF8E952046759C00569ED1 /* Debug */ = {
			isa = XCBuildConfiguration;
			baseConfigurationReference = 07AB04EF05BB722F70BAFC7C /* Pods-YWLogisticsQueryDemo.debug.xcconfig */;
			buildSettings = {
				ASSETCATALOG_COMPILER_APPICON_NAME = AppIcon;
				CODE_SIGN_STYLE = Automatic;
				DEVELOPMENT_TEAM = RFYZ23A52S;
				INFOPLIST_FILE = YWLogisticsQueryDemo/Info.plist;
				IPHONEOS_DEPLOYMENT_TARGET = 9.0;
				LD_RUNPATH_SEARCH_PATHS = "$(inherited) @executable_path/Frameworks";
				PRODUCT_BUNDLE_IDENTIFIER = Candy.YWLogisticsQueryDemo;
				PRODUCT_NAME = "$(TARGET_NAME)";
				TARGETED_DEVICE_FAMILY = "1,2";
			};
			name = Debug;
		};
		36FF8E962046759C00569ED1 /* Release */ = {
			isa = XCBuildConfiguration;
			baseConfigurationReference = 814FFF310846E0B1AF73C358 /* Pods-YWLogisticsQueryDemo.release.xcconfig */;
			buildSettings = {
				ASSETCATALOG_COMPILER_APPICON_NAME = AppIcon;
				CODE_SIGN_STYLE = Automatic;
				DEVELOPMENT_TEAM = RFYZ23A52S;
				INFOPLIST_FILE = YWLogisticsQueryDemo/Info.plist;
				IPHONEOS_DEPLOYMENT_TARGET = 9.0;
				LD_RUNPATH_SEARCH_PATHS = "$(inherited) @executable_path/Frameworks";
				PRODUCT_BUNDLE_IDENTIFIER = Candy.YWLogisticsQueryDemo;
				PRODUCT_NAME = "$(TARGET_NAME)";
				TARGETED_DEVICE_FAMILY = "1,2";
			};
			name = Release;
		};
/* End XCBuildConfiguration section */

/* Begin XCConfigurationList section */
		36FF8E792046759C00569ED1 /* Build configuration list for PBXProject "YWLogisticsQueryDemo" */ = {
			isa = XCConfigurationList;
			buildConfigurations = (
				36FF8E922046759C00569ED1 /* Debug */,
				36FF8E932046759C00569ED1 /* Release */,
			);
			defaultConfigurationIsVisible = 0;
			defaultConfigurationName = Release;
		};
		36FF8E942046759C00569ED1 /* Build configuration list for PBXNativeTarget "YWLogisticsQueryDemo" */ = {
			isa = XCConfigurationList;
			buildConfigurations = (
				36FF8E952046759C00569ED1 /* Debug */,
				36FF8E962046759C00569ED1 /* Release */,
			);
			defaultConfigurationIsVisible = 0;
			defaultConfigurationName = Release;
		};
/* End XCConfigurationList section */
	};
	rootObject = 36FF8E762046759C00569ED1 /* Project object */;
}
